[[package]]
name = "aiocontextvars"
version = "0.2.2"
requires_python = ">=3.5"
summary = "Asyncio support for PEP-567 contextvars backport."
dependencies = [
    "contextvars==2.4; python_version < \"3.7\"",
]

[[package]]
name = "atomicwrites"
version = "1.4.1"
requires_python = ">=2.7, !=3.0.*, !=3.1.*, !=3.2.*, !=3.3.*"
summary = "Atomic file writes."

[[package]]
name = "attrs"
version = "22.1.0"
requires_python = ">=3.5"
summary = "Classes Without Boilerplate"

[[package]]
name = "colorama"
version = "0.4.5"
requires_python = ">=2.7, !=3.0.*, !=3.1.*, !=3.2.*, !=3.3.*, !=3.4.*"
summary = "Cross-platform colored terminal text."

[[package]]
name = "contextvars"
version = "2.4"
summary = "PEP 567 Backport"
dependencies = [
    "immutables>=0.9",
]

[[package]]
name = "immutables"
version = "0.15"
requires_python = ">=3.5"
summary = "Immutable Collections"

[[package]]
name = "importlib-metadata"
version = "2.1.3"
requires_python = "!=3.0.*,!=3.1.*,!=3.2.*,!=3.3.*,!=3.4.*,>=2.7"
summary = "Read metadata from Python packages"
dependencies = [
    "zipp>=0.5",
]

[[package]]
name = "iniconfig"
version = "1.1.1"
summary = "iniconfig: brain-dead simple config-ini parsing"

[[package]]
name = "logging-tree"
version = "1.9"
summary = "Introspect and display the logger tree inside \"logging\""

[[package]]
name = "loguru"
version = "0.6.0"
requires_python = ">=3.5"
summary = "Python logging made (stupidly) simple"
dependencies = [
    "aiocontextvars>=0.2.0; python_version < \"3.7\"",
    "colorama>=0.3.4; sys_platform == \"win32\"",
    "win32-setctime>=1.0.0; sys_platform == \"win32\"",
]

[[package]]
name = "mypy"
version = "0.910"
requires_python = ">=3.5"
summary = "Optional static typing for Python"
dependencies = [
    "mypy-extensions<0.5.0,>=0.4.3",
    "toml",
    "typed-ast<1.5.0,>=1.4.0; python_version < \"3.8\"",
    "typing-extensions>=3.7.4",
]

[[package]]
name = "mypy-extensions"
version = "0.4.3"
summary = "Experimental type system extensions for programs checked with the mypy typechecker."

[[package]]
name = "packaging"
version = "20.9"
requires_python = ">=2.7, !=3.0.*, !=3.1.*, !=3.2.*, !=3.3.*"
summary = "Core utilities for Python packages"
dependencies = [
    "pyparsing>=2.0.2",
]

[[package]]
name = "pathlib2"
version = "2.3.7.post1"
summary = "Object-oriented filesystem paths"
dependencies = [
    "six",
]

[[package]]
name = "pluggy"
version = "0.13.1"
requires_python = ">=2.7, !=3.0.*, !=3.1.*, !=3.2.*, !=3.3.*"
summary = "plugin and hook calling mechanisms for python"
dependencies = [
    "importlib-metadata>=0.12; python_version < \"3.8\"",
]

[[package]]
name = "py"
version = "1.11.0"
requires_python = ">=2.7, !=3.0.*, !=3.1.*, !=3.2.*, !=3.3.*, !=3.4.*"
summary = "library with cross-python path, ini-parsing, io, code, log facilities"

[[package]]
name = "pyparsing"
version = "2.4.7"
requires_python = ">=2.6, !=3.0.*, !=3.1.*, !=3.2.*"
summary = "Python parsing module"

[[package]]
name = "pytest"
version = "6.1.2"
requires_python = ">=3.5"
summary = "pytest: simple powerful testing with Python"
dependencies = [
    "atomicwrites>=1.0; sys_platform == \"win32\"",
    "attrs>=17.4.0",
    "colorama; sys_platform == \"win32\"",
    "importlib-metadata>=0.12; python_version < \"3.8\"",
    "iniconfig",
    "packaging",
    "pathlib2>=2.2.0; python_version < \"3.6\"",
    "pluggy<1.0,>=0.12",
    "py>=1.8.2",
    "toml",
]

[[package]]
name = "six"
version = "1.16.0"
requires_python = ">=2.7, !=3.0.*, !=3.1.*, !=3.2.*"
summary = "Python 2 and 3 compatibility utilities"

[[package]]
name = "toml"
version = "0.10.2"
requires_python = ">=2.6, !=3.0.*, !=3.1.*, !=3.2.*"
summary = "Python Library for Tom's Obvious, Minimal Language"

[[package]]
name = "typed-ast"
version = "1.4.3"
summary = "a fork of Python 2 and 3 ast modules with type comment support"

[[package]]
name = "typing-extensions"
version = "3.10.0.2"
summary = "Backported and Experimental Type Hints for Python 3.5+"

[[package]]
name = "win32-setctime"
version = "1.1.0"
requires_python = ">=3.5"
summary = "A small Python utility to set file creation time on Windows"

[[package]]
name = "zipp"
version = "1.2.0"
requires_python = ">=2.7"
summary = "Backport of pathlib-compatible object wrapper for zip files"

[metadata]
lock_version = "4.0"
content_hash = "sha256:00353167c50dc3ae2472bf277c7ca3d9cc1e9605a17e28af59abd9f174d67d8c"

[metadata.files]
"aiocontextvars 0.2.2" = [
    {url = "https://files.pythonhosted.org/packages/db/c1/7a723e8d988de0a2e623927396e54b6831b68cb80dce468c945b849a9385/aiocontextvars-0.2.2-py2.py3-none-any.whl", hash = "sha256:885daf8261818767d8f7cbd79f9d4482d118f024b6586ef6e67980236a27bfa3"},
    {url = "https://files.pythonhosted.org/packages/fb/f4/26986cd042d5f9e4847c8af6274588fae6c9f2ec67e332890572ae9f3bb2/aiocontextvars-0.2.2.tar.gz", hash = "sha256:f027372dc48641f683c559f247bd84962becaacdc9ba711d583c3871fb5652aa"},
]
"atomicwrites 1.4.1" = [
    {url = "https://files.pythonhosted.org/packages/87/c6/53da25344e3e3a9c01095a89f16dbcda021c609ddb42dd6d7c0528236fb2/atomicwrites-1.4.1.tar.gz", hash = "sha256:81b2c9071a49367a7f770170e5eec8cb66567cfbbc8c73d20ce5ca4a8d71cf11"},
]
"attrs 22.1.0" = [
    {url = "https://files.pythonhosted.org/packages/1a/cb/c4ffeb41e7137b23755a45e1bfec9cbb76ecf51874c6f1d113984ecaa32c/attrs-22.1.0.tar.gz", hash = "sha256:29adc2665447e5191d0e7c568fde78b21f9672d344281d0c6e1ab085429b22b6"},
    {url = "https://files.pythonhosted.org/packages/f2/bc/d817287d1aa01878af07c19505fafd1165cd6a119e9d0821ca1d1c20312d/attrs-22.1.0-py2.py3-none-any.whl", hash = "sha256:86efa402f67bf2df34f51a335487cf46b1ec130d02b8d39fd248abfd30da551c"},
]
"colorama 0.4.5" = [
    {url = "https://files.pythonhosted.org/packages/2b/65/24d033a9325ce42ccbfa3ca2d0866c7e89cc68e5b9d92ecaba9feef631df/colorama-0.4.5.tar.gz", hash = "sha256:e6c6b4334fc50988a639d9b98aa429a0b57da6e17b9a44f0451f930b6967b7a4"},
    {url = "https://files.pythonhosted.org/packages/77/8b/7550e87b2d308a1b711725dfaddc19c695f8c5fa413c640b2be01662f4e6/colorama-0.4.5-py2.py3-none-any.whl", hash = "sha256:854bf444933e37f5824ae7bfc1e98d5bce2ebe4160d46b5edf346a89358e99da"},
]
"contextvars 2.4" = [
    {url = "https://files.pythonhosted.org/packages/83/96/55b82d9f13763be9d672622e1b8106c85acb83edd7cc2fa5bc67cd9877e9/contextvars-2.4.tar.gz", hash = "sha256:f38c908aaa59c14335eeea12abea5f443646216c4e29380d7bf34d2018e2c39e"},
]
"immutables 0.15" = [
    {url = "https://files.pythonhosted.org/packages/07/c2/59cbda9df8c32e3d7f94a37877d33408df872158a4e87fbd81691ae74913/immutables-0.15-cp39-cp39-macosx_10_14_x86_64.whl", hash = "sha256:a0a4e4417d5ef4812d7f99470cd39347b58cb927365dd2b8da9161040d260db0"},
    {url = "https://files.pythonhosted.org/packages/4a/52/e64a14a99c509cbdfe0405e9f076aef0331cb9548a3efa1d5bacd524978a/immutables-0.15-cp36-cp36m-manylinux1_x86_64.whl", hash = "sha256:b8ad986f9b532c026f19585289384b0769188fcb68b37c7f0bd0df9092a6ca54"},
    {url = "https://files.pythonhosted.org/packages/55/1a/fdd45a7f06a3baa1125c2774a284c04772d3d03ced5b45c9bd3a5947d445/immutables-0.15-cp37-cp37m-macosx_10_14_x86_64.whl", hash = "sha256:b75ade826920c4e490b1bb14cf967ac14e61eb7c5562161c5d7337d61962c226"},
    {url = "https://files.pythonhosted.org/packages/72/9a/1b813d91638861777d4b87d0f0664094af4bf6d31c0bf71ed1373eab3f5e/immutables-0.15-cp38-cp38-manylinux1_x86_64.whl", hash = "sha256:141c2e9ea515a3a815007a429f0b47a578ebeb42c831edaec882a245a35fffca"},
    {url = "https://files.pythonhosted.org/packages/86/dd/f618e6de176586dabcffa6e41df2db761d6c086d07f54d13bc5d3e2b5f9c/immutables-0.15-cp37-cp37m-win_amd64.whl", hash = "sha256:3035849accee4f4e510ed7c94366a40e0f5fef9069fbe04a35f4787b13610a4a"},
    {url = "https://files.pythonhosted.org/packages/87/25/037f3b10e392d7b14da307d28b718476a2d02d6ebf6c357d0b0b839689f1/immutables-0.15-cp39-cp39-win_amd64.whl", hash = "sha256:2283a93c151566e6830aee0e5bee55fc273455503b43aa004356b50f9182092b"},
    {url = "https://files.pythonhosted.org/packages/a1/76/0ffd1d2c874b1edf4eb69caebc7f65d37c1a405261bffd0e35e5e9e40089/immutables-0.15-cp38-cp38-macosx_10_14_x86_64.whl", hash = "sha256:b04fa69174e0c8f815f9c55f2a43fc9e5a68452fab459a08e904a74e8471639f"},
    {url = "https://files.pythonhosted.org/packages/a3/0e/5281336e67c0c4a556a87b26f5389a76eabd8213debac4aef9024d2fde0d/immutables-0.15-cp38-cp38-win_amd64.whl", hash = "sha256:cbe8c64640637faa5535d539421b293327f119c31507c33ca880bd4f16035eb6"},
    {url = "https://files.pythonhosted.org/packages/a5/2f/6a4d19a4cf91fe35b45a95394868f0076c702d03c14f8b9a8c9b125ee43a/immutables-0.15-cp39-cp39-manylinux1_x86_64.whl", hash = "sha256:3b15c08c71c59e5b7c2470ef949d49ff9f4263bb77f488422eaa157da84d6999"},
    {url = "https://files.pythonhosted.org/packages/ab/46/d2feb89eb17c981208037cfeeadb854ce066a5a23d0aba616afd9dfa0c05/immutables-0.15-cp37-cp37m-manylinux1_x86_64.whl", hash = "sha256:b7e13c061785e34f73c4f659861f1b3e4a5fd918e4395c84b21c4e3d449ebe27"},
    {url = "https://files.pythonhosted.org/packages/c7/ac/162c7556ec00b777458b3d93d2d03a3fd0971911ceda8a3c3fda5e3233d6/immutables-0.15-cp35-cp35m-macosx_10_14_x86_64.whl", hash = "sha256:6728f4392e3e8e64b593a5a0cd910a1278f07f879795517e09f308daed138631"},
    {url = "https://files.pythonhosted.org/packages/d5/33/1187e0fcc0a521a72234b011e06cff99f8a204e1125ea791c190bd780de7/immutables-0.15.tar.gz", hash = "sha256:3713ab1ebbb6946b7ce1387bb9d1d7f5e09c45add58c2a2ee65f963c171e746b"},
    {url = "https://files.pythonhosted.org/packages/d7/88/487f1661c6556d385ec1d5d42964e33e736c7a624fda5237407bdf456a40/immutables-0.15-cp36-cp36m-macosx_10_14_x86_64.whl", hash = "sha256:8703d8abfd8687932f2a05f38e7de270c3a6ca3bd1c1efb3c938656b3f2f985a"},
    {url = "https://files.pythonhosted.org/packages/d8/b8/97c6e23aa267287aa382dd6fe4358550a8b6f38bcc48bcde7d82e300d5d1/immutables-0.15-cp35-cp35m-manylinux1_x86_64.whl", hash = "sha256:f0836cd3bdc37c8a77b192bbe5f41dbcc3ce654db048ebbba89bdfe6db7a1c7a"},
    {url = "https://files.pythonhosted.org/packages/e7/38/3d27860c43cf8ee8a395158dae06c3c1f45a19b4bce7f0cd360eff029c28/immutables-0.15-cp36-cp36m-win_amd64.whl", hash = "sha256:6f117d9206165b9dab8fd81c5129db757d1a044953f438654236ed9a7a4224ae"},
]
"importlib-metadata 2.1.3" = [
    {url = "https://files.pythonhosted.org/packages/4c/d8/af92ca59b33366b3b9d230d17772d728d7b064f3de6d6150332d5fa8dae3/importlib_metadata-2.1.3.tar.gz", hash = "sha256:02a9f62b02e9b1cc43871809ef99947e8f5d94771392d666ada2cafc4cd09d4f"},
    {url = "https://files.pythonhosted.org/packages/cf/b4/877779cd7b5a15536ecbe0655cfb35a0de0ede6d888151fd7356d278c47d/importlib_metadata-2.1.3-py2.py3-none-any.whl", hash = "sha256:52e65a0856f9ba7ea8f2c4ced253fb6c88d1a8c352cb1e916cff4eb17d5a693d"},
]
"iniconfig 1.1.1" = [
    {url = "https://files.pythonhosted.org/packages/23/a2/97899f6bd0e873fed3a7e67ae8d3a08b21799430fb4da15cfedf10d6e2c2/iniconfig-1.1.1.tar.gz", hash = "sha256:bc3af051d7d14b2ee5ef9969666def0cd1a000e121eaea580d4a313df4b37f32"},
    {url = "https://files.pythonhosted.org/packages/9b/dd/b3c12c6d707058fa947864b67f0c4e0c39ef8610988d7baea9578f3c48f3/iniconfig-1.1.1-py2.py3-none-any.whl", hash = "sha256:011e24c64b7f47f6ebd835bb12a743f2fbe9a26d4cecaa7f53bc4f35ee9da8b3"},
]
"logging-tree 1.9" = [
    {url = "https://files.pythonhosted.org/packages/46/d0/abbd5ba6e41e60922c8004c2e2ec9f6c07bfe662562f63d1b325491a14da/logging_tree-1.9-py2.py3-none-any.whl", hash = "sha256:1aa4c74f9ae0a86d14bb1d36b2e3066324e22132e6e55200d4ecf009dba4c536"},
    {url = "https://files.pythonhosted.org/packages/5f/a0/dd8eb43cdcc6354815f72aedcf6f92f61b7ea22f646a74395879f4948fea/logging_tree-1.9.tar.gz", hash = "sha256:fe78b28788c249b515d12a50417e4a96ba095582927b3601a0573886bffc1ff0"},
]
"loguru 0.6.0" = [
    {url = "https://files.pythonhosted.org/packages/75/1f/d3818863e4be96bd641c4643c535a98f0fa2a12efa7c8ba35f763fa778ee/loguru-0.6.0.tar.gz", hash = "sha256:066bd06758d0a513e9836fd9c6b5a75bfb3fd36841f4b996bc60b547a309d41c"},
    {url = "https://files.pythonhosted.org/packages/fe/21/e1d1da2586865a159fc73b611f36bdd50b6c4043cb6132d3d5e972988028/loguru-0.6.0-py3-none-any.whl", hash = "sha256:4e2414d534a2ab57573365b3e6d0234dfb1d84b68b7f3b948e6fb743860a77c3"},
]
"mypy 0.910" = [
    {url = "https://files.pythonhosted.org/packages/0f/48/fdc29eb0ca4cef30ae99c31ed6fe7628a2d7bffaa0b9b850cc3aad4acd41/mypy-0.910-cp35-cp35m-manylinux2010_x86_64.whl", hash = "sha256:088cd9c7904b4ad80bec811053272986611b84221835e079be5bcad029e79dd9"},
    {url = "https://files.pythonhosted.org/packages/0f/e4/12ad47b982b9c43474145d6fe05b2b0e492debc5651541db7ed05faf6544/mypy-0.910-cp36-cp36m-macosx_10_9_x86_64.whl", hash = "sha256:ecd2c3fe726758037234c93df7e98deb257fd15c24c9180dacf1ef829da5f921"},
    {url = "https://files.pythonhosted.org/packages/11/02/5e68a38bdcda80f0707828b54ee1db06ebb27ed2d8e1055790a1e51c3373/mypy-0.910-cp38-cp38-manylinux2010_x86_64.whl", hash = "sha256:866c41f28cee548475f146aa4d39a51cf3b6a84246969f3759cb3e9c742fc072"},
    {url = "https://files.pythonhosted.org/packages/15/e9/6b19c33819c27db7d69b938f062ea416398af62ae93aeb0fe47cb35d8a44/mypy-0.910-py3-none-any.whl", hash = "sha256:ef565033fa5a958e62796867b1df10c40263ea9ded87164d67572834e57a174d"},
    {url = "https://files.pythonhosted.org/packages/28/3a/ccd49b8fdaf9b8850ac01814549e1bd3b1a58d7282bf52acd155e4d66497/mypy-0.910-cp35-cp35m-macosx_10_9_x86_64.whl", hash = "sha256:a155d80ea6cee511a3694b108c4494a39f42de11ee4e61e72bc424c490e46457"},
    {url = "https://files.pythonhosted.org/packages/2d/4c/08a918dbaf355d9e0c5b7a90736508bd9fa60a5e0416cdabaea1a15d6773/mypy-0.910-cp38-cp38-macosx_10_9_x86_64.whl", hash = "sha256:ec4e0cd079db280b6bdabdc807047ff3e199f334050db5cbb91ba3e959a67504"},
    {url = "https://files.pythonhosted.org/packages/33/46/b5d01f8844c84772e950bfc6adcaaa94cd22fedeb7c01776fd6effb3c2f6/mypy-0.910.tar.gz", hash = "sha256:704098302473cb31a218f1775a873b376b30b4c18229421e9e9dc8916fd16150"},
    {url = "https://files.pythonhosted.org/packages/37/38/1f0771d818f8a1fbb34e15cf694cc619a6d537b88d36162021fd7bc4d964/mypy-0.910-cp37-cp37m-manylinux2010_x86_64.whl", hash = "sha256:7df1ead20c81371ccd6091fa3e2878559b5c4d4caadaf1a484cf88d93ca06703"},
    {url = "https://files.pythonhosted.org/packages/42/e2/17ac35636f7b7e027fc7b5b7b11166666eccf005794de6f4e7b6c4d1e072/mypy-0.910-cp39-cp39-macosx_11_0_arm64.whl", hash = "sha256:42c266ced41b65ed40a282c575705325fa7991af370036d3f134518336636f5b"},
    {url = "https://files.pythonhosted.org/packages/4c/2c/04866ac33b0e45cd5d655c1fd1391b6ef974a875653e83d031ec542c2b68/mypy-0.910-cp37-cp37m-manylinux1_x86_64.whl", hash = "sha256:e4dab234478e3bd3ce83bac4193b2ecd9cf94e720ddd95ce69840273bf44f6de"},
    {url = "https://files.pythonhosted.org/packages/59/f0/6b607fd2a18a0f0235d77b269e0ffe6abf4fe89e441f93ba3c14dd181ba9/mypy-0.910-cp36-cp36m-manylinux1_x86_64.whl", hash = "sha256:d9dd839eb0dc1bbe866a288ba3c1afc33a202015d2ad83b31e875b5905a079b6"},
    {url = "https://files.pythonhosted.org/packages/6b/af/7ac9c0a423c07c9ac30b372d05623eafa5e3b4e3b51059ce8dac15efeaee/mypy-0.910-cp37-cp37m-macosx_10_9_x86_64.whl", hash = "sha256:b6fb13123aeef4a3abbcfd7e71773ff3ff1526a7d3dc538f3929a49b42be03f0"},
    {url = "https://files.pythonhosted.org/packages/7b/8f/bce91c83acc63c1d0a0897acbdd31ad2adbd8cba15a82a6156450c7afb96/mypy-0.910-cp39-cp39-manylinux2010_x86_64.whl", hash = "sha256:c0df2d30ed496a08de5daed2a9ea807d07c21ae0ab23acf541ab88c24b26ab97"},
    {url = "https://files.pythonhosted.org/packages/8f/cf/88dfb20b612e6d8d730657e92d27130d435f9ecd8214fca018df5b26637f/mypy-0.910-cp37-cp37m-win_amd64.whl", hash = "sha256:0aadfb2d3935988ec3815952e44058a3100499f5be5b28c34ac9d79f002a4a9a"},
    {url = "https://files.pythonhosted.org/packages/a1/d0/7e1dd31e360b0133ae6b882a40508e68d8b89a541c1fd7c3db6aa7ce9caa/mypy-0.910-cp35-cp35m-manylinux1_x86_64.whl", hash = "sha256:b94e4b785e304a04ea0828759172a15add27088520dc7e49ceade7834275bedb"},
    {url = "https://files.pythonhosted.org/packages/ae/d4/df6814ce3be0436e8268e73e7f08b933eeb443480beca75c3bd6cdb45360/mypy-0.910-cp35-cp35m-win_amd64.whl", hash = "sha256:adaeee09bfde366d2c13fe6093a7df5df83c9a2ba98638c7d76b010694db760e"},
    {url = "https://files.pythonhosted.org/packages/b1/29/e8144c0ba0beb3e91da1065a2ea93842263d94ae550bdd9cfe61c7c88f58/mypy-0.910-cp39-cp39-win_amd64.whl", hash = "sha256:c6c2602dffb74867498f86e6129fd52a2770c48b7cd3ece77ada4fa38f94eba8"},
    {url = "https://files.pythonhosted.org/packages/c6/12/c08e950032d1a3afd8e29ee114032419988afaed82749f4c009e8b3b038c/mypy-0.910-cp38-cp38-win_amd64.whl", hash = "sha256:ceb6e0a6e27fb364fb3853389607cf7eb3a126ad335790fa1e14ed02fba50811"},
    {url = "https://files.pythonhosted.org/packages/d5/66/e1c5fadda288ff6f04a83e52486503689077dd07b00a560d0d0211d8e841/mypy-0.910-cp39-cp39-manylinux1_x86_64.whl", hash = "sha256:3c4b8ca36877fc75339253721f69603a9c7fdb5d4d5a95a1a1b899d8b86a4de2"},
    {url = "https://files.pythonhosted.org/packages/d6/35/8e62798bc9767feea91f8d4c7e8a8bd20828cbd3a4fce35fe5c52562b7a5/mypy-0.910-cp36-cp36m-manylinux2010_x86_64.whl", hash = "sha256:3e382b29f8e0ccf19a2df2b29a167591245df90c0b5a2542249873b5c1d78212"},
    {url = "https://files.pythonhosted.org/packages/d9/7d/eb935e77ec2c50c5504f3c92d27e27776dba21ba6079211015dc5dd4c97e/mypy-0.910-cp38-cp38-manylinux1_x86_64.whl", hash = "sha256:119bed3832d961f3a880787bf621634ba042cb8dc850a7429f643508eeac97b9"},
    {url = "https://files.pythonhosted.org/packages/e7/a3/a6312fbb8bc355b9c87640960294c252e7c74e5886a3930ae1e01dd93d1d/mypy-0.910-cp36-cp36m-win_amd64.whl", hash = "sha256:53fd2eb27a8ee2892614370896956af2ff61254c275aaee4c230ae771cadd885"},
    {url = "https://files.pythonhosted.org/packages/f7/be/3f188c3b4472a1e4cd07d1acb1a4d56b2a88264c06511e1845ffc539ccbc/mypy-0.910-cp39-cp39-macosx_10_9_x86_64.whl", hash = "sha256:1a85e280d4d217150ce8cb1a6dddffd14e753a4e0c3cf90baabb32cefa41b59e"},
]
"mypy-extensions 0.4.3" = [
    {url = "https://files.pythonhosted.org/packages/5c/eb/975c7c080f3223a5cdaff09612f3a5221e4ba534f7039db34c35d95fa6a5/mypy_extensions-0.4.3-py2.py3-none-any.whl", hash = "sha256:090fedd75945a69ae91ce1303b5824f428daf5a028d2f6ab8a299250a846f15d"},
    {url = "https://files.pythonhosted.org/packages/63/60/0582ce2eaced55f65a4406fc97beba256de4b7a95a0034c6576458c6519f/mypy_extensions-0.4.3.tar.gz", hash = "sha256:2d82818f5bb3e369420cb3c4060a7970edba416647068eb4c5343488a6c604a8"},
]
"packaging 20.9" = [
    {url = "https://files.pythonhosted.org/packages/3e/89/7ea760b4daa42653ece2380531c90f64788d979110a2ab51049d92f408af/packaging-20.9-py2.py3-none-any.whl", hash = "sha256:67714da7f7bc052e064859c05c595155bd1ee9f69f76557e21f051443c20947a"},
    {url = "https://files.pythonhosted.org/packages/86/3c/bcd09ec5df7123abcf695009221a52f90438d877a2f1499453c6938f5728/packaging-20.9.tar.gz", hash = "sha256:5b327ac1320dc863dca72f4514ecc086f31186744b84a230374cc1fd776feae5"},
]
"pathlib2 2.3.7.post1" = [
    {url = "https://files.pythonhosted.org/packages/09/eb/4af4bcd5b8731366b676192675221c5324394a580dfae469d498313b5c4a/pathlib2-2.3.7.post1-py2.py3-none-any.whl", hash = "sha256:5266a0fd000452f1b3467d782f079a4343c63aaa119221fbdc4e39577489ca5b"},
    {url = "https://files.pythonhosted.org/packages/31/51/99caf463dc7c18eb18dad1fffe465a3cf3ee50ac3d1dccbd1781336fe9c7/pathlib2-2.3.7.post1.tar.gz", hash = "sha256:9fe0edad898b83c0c3e199c842b27ed216645d2e177757b2dd67384d4113c641"},
]
"pluggy 0.13.1" = [
    {url = "https://files.pythonhosted.org/packages/a0/28/85c7aa31b80d150b772fbe4a229487bc6644da9ccb7e427dd8cc60cb8a62/pluggy-0.13.1-py2.py3-none-any.whl", hash = "sha256:966c145cd83c96502c3c3868f50408687b38434af77734af1e9ca461a4081d2d"},
    {url = "https://files.pythonhosted.org/packages/f8/04/7a8542bed4b16a65c2714bf76cf5a0b026157da7f75e87cc88774aa10b14/pluggy-0.13.1.tar.gz", hash = "sha256:15b2acde666561e1298d71b523007ed7364de07029219b604cf808bfa1c765b0"},
]
"py 1.11.0" = [
    {url = "https://files.pythonhosted.org/packages/98/ff/fec109ceb715d2a6b4c4a85a61af3b40c723a961e8828319fbcb15b868dc/py-1.11.0.tar.gz", hash = "sha256:51c75c4126074b472f746a24399ad32f6053d1b34b68d2fa41e558e6f4a98719"},
    {url = "https://files.pythonhosted.org/packages/f6/f0/10642828a8dfb741e5f3fbaac830550a518a775c7fff6f04a007259b0548/py-1.11.0-py2.py3-none-any.whl", hash = "sha256:607c53218732647dff4acdfcd50cb62615cedf612e72d1724fb1a0cc6405b378"},
]
"pyparsing 2.4.7" = [
    {url = "https://files.pythonhosted.org/packages/8a/bb/488841f56197b13700afd5658fc279a2025a39e22449b7cf29864669b15d/pyparsing-2.4.7-py2.py3-none-any.whl", hash = "sha256:ef9d7589ef3c200abe66653d3f1ab1033c3c419ae9b9bdb1240a85b024efc88b"},
    {url = "https://files.pythonhosted.org/packages/c1/47/dfc9c342c9842bbe0036c7f763d2d6686bcf5eb1808ba3e170afdb282210/pyparsing-2.4.7.tar.gz", hash = "sha256:c203ec8783bf771a155b207279b9bccb8dea02d8f0c9e5f8ead507bc3246ecc1"},
]
"pytest 6.1.2" = [
    {url = "https://files.pythonhosted.org/packages/b1/ee/53945d50284906adb1e613fabf2e1b8b25926e8676854bb25b93564c0ce7/pytest-6.1.2-py3-none-any.whl", hash = "sha256:4288fed0d9153d9646bfcdf0c0428197dba1ecb27a33bb6e031d002fa88653fe"},
    {url = "https://files.pythonhosted.org/packages/d4/df/bd7c25c4fe809a17315b3fc9878edf48d31dde7b431b6836848b063c0428/pytest-6.1.2.tar.gz", hash = "sha256:c0a7e94a8cdbc5422a51ccdad8e6f1024795939cc89159a0ae7f0b316ad3823e"},
]
"six 1.16.0" = [
    {url = "https://files.pythonhosted.org/packages/71/39/171f1c67cd00715f190ba0b100d606d440a28c93c7714febeca8b79af85e/six-1.16.0.tar.gz", hash = "sha256:1e61c37477a1626458e36f7b1d82aa5c9b094fa4802892072e49de9c60c4c926"},
    {url = "https://files.pythonhosted.org/packages/d9/5a/e7c31adbe875f2abbb91bd84cf2dc52d792b5a01506781dbcf25c91daf11/six-1.16.0-py2.py3-none-any.whl", hash = "sha256:8abb2f1d86890a2dfb989f9a77cfcfd3e47c2a354b01111771326f8aa26e0254"},
]
"toml 0.10.2" = [
    {url = "https://files.pythonhosted.org/packages/44/6f/7120676b6d73228c96e17f1f794d8ab046fc910d781c8d151120c3f1569e/toml-0.10.2-py2.py3-none-any.whl", hash = "sha256:806143ae5bfb6a3c6e736a764057db0e6a0e05e338b5630894a5f779cabb4f9b"},
    {url = "https://files.pythonhosted.org/packages/be/ba/1f744cdc819428fc6b5084ec34d9b30660f6f9daaf70eead706e3203ec3c/toml-0.10.2.tar.gz", hash = "sha256:b3bda1d108d5dd99f4a20d24d9c348e91c4db7ab1b749200bded2f839ccbe68f"},
]
"typed-ast 1.4.3" = [
    {url = "https://files.pythonhosted.org/packages/01/08/0d92feed38a4cafe45bcbd42a2507c1900e9ec1e2e9b5e5a472f8ebfa9bb/typed_ast-1.4.3-cp37-cp37m-macosx_10_9_x86_64.whl", hash = "sha256:0fb71b8c643187d7492c1f8352f2c15b4c4af3f6338f21681d3681b3dc31a266"},
    {url = "https://files.pythonhosted.org/packages/0d/14/d54fd856673e3a5cb230e481bcdea04976c28b691a65029a7d45aef80575/typed_ast-1.4.3-cp38-cp38-manylinux1_x86_64.whl", hash = "sha256:7538e495704e2ccda9b234b82423a4038f324f3a10c43bc088a1636180f11a41"},
    {url = "https://files.pythonhosted.org/packages/0d/2c/947815984d0445b49cbedcca2c8e109d945facec077e034800168562dae3/typed_ast-1.4.3-cp35-cp35m-manylinux2014_aarch64.whl", hash = "sha256:1b3ead4a96c9101bef08f9f7d1217c096f31667617b58de957f690c92378b528"},
    {url = "https://files.pythonhosted.org/packages/13/25/bde133fcd73e4c74e9a8de8410fe867aaca843838b83cc22304eec960fbc/typed_ast-1.4.3-cp38-cp38-manylinux2014_aarch64.whl", hash = "sha256:af3d4a73793725138d6b334d9d247ce7e5f084d96284ed23f22ee626a7b88e39"},
    {url = "https://files.pythonhosted.org/packages/16/05/6e4328230cb16b0ae41223938f80e3cae3bbe8ae1c2aa7fe739e19bb4bc6/typed_ast-1.4.3-cp35-cp35m-manylinux1_i686.whl", hash = "sha256:2068531575a125b87a41802130fa7e29f26c09a2833fea68d9a40cf33902eba6"},
    {url = "https://files.pythonhosted.org/packages/21/79/b6fe6009ce744c5c282ce7926a3da69d7c89a7854b13927406ffa86bf242/typed_ast-1.4.3-cp35-cp35m-win_amd64.whl", hash = "sha256:777a26c84bea6cd934422ac2e3b78863a37017618b6e5c08f92ef69853e765d3"},
    {url = "https://files.pythonhosted.org/packages/45/fb/3e55e779d1efb4ba3b0aef1212e01061462b4dd570febee57c2d33016595/typed_ast-1.4.3-cp39-cp39-win32.whl", hash = "sha256:209596a4ec71d990d71d5e0d312ac935d86930e6eecff6ccc7007fe54d703808"},
    {url = "https://files.pythonhosted.org/packages/5c/3c/5633501c5cbc46a3ce495d29eed4ac43b1e864aebbeeefdcc1d372d83c81/typed_ast-1.4.3-cp38-cp38-win32.whl", hash = "sha256:f2362f3cb0f3172c42938946dbc5b7843c2a28aec307c49100c8b38764eb6927"},
    {url = "https://files.pythonhosted.org/packages/62/9f/55f7378ecae81cbebc586dc15d48285141a026241704b1df6f043613218f/typed_ast-1.4.3-cp39-cp39-manylinux2014_aarch64.whl", hash = "sha256:b9574c6f03f685070d859e75c7f9eeca02d6933273b5e69572e5ff9d5e3931c3"},
    {url = "https://files.pythonhosted.org/packages/65/b3/573d2f1fecbbe8f82a8d08172e938c247f99abe1be3bef3da2efaa3810bf/typed_ast-1.4.3-cp37-cp37m-manylinux1_x86_64.whl", hash = "sha256:5feca99c17af94057417d744607b82dd0a664fd5e4ca98061480fd8b14b18d04"},
    {url = "https://files.pythonhosted.org/packages/6e/08/c04a49ee26a94c1ec211e7b1e5f2971d692e04818ea67ef70f1e879cf525/typed_ast-1.4.3.tar.gz", hash = "sha256:fb1bbeac803adea29cedd70781399c99138358c26d05fcbd23c13016b7f5ec65"},
    {url = "https://files.pythonhosted.org/packages/7e/4b/d7377c5d25b5c3b2682dada2eee1086b23842f3eb76e41063436aa4e302f/typed_ast-1.4.3-cp36-cp36m-manylinux1_x86_64.whl", hash = "sha256:01ae5f73431d21eead5015997ab41afa53aa1fbe252f9da060be5dad2c730ace"},
    {url = "https://files.pythonhosted.org/packages/80/47/b04cb5d1baec711c945b8543416bbbf847f9d56431c32b043bc804d6b2b8/typed_ast-1.4.3-cp36-cp36m-win32.whl", hash = "sha256:398e44cd480f4d2b7ee8d98385ca104e35c81525dd98c519acff1b79bdaac363"},
    {url = "https://files.pythonhosted.org/packages/80/4b/e090d83d7fee2f5745863317281b84ac753c6813a4303eee29e531706347/typed_ast-1.4.3-cp38-cp38-win_amd64.whl", hash = "sha256:dd4a21253f42b8d2b48410cb31fe501d32f8b9fbeb1f55063ad102fe9c425e40"},
    {url = "https://files.pythonhosted.org/packages/86/aa/29546548ed3affef704d9aabb95d7032bae8814bbf0e2323e48d353ed234/typed_ast-1.4.3-cp36-cp36m-macosx_10_9_x86_64.whl", hash = "sha256:f8afcf15cc511ada719a88e013cec87c11aff7b91f019295eb4530f96fe5ef2f"},
    {url = "https://files.pythonhosted.org/packages/86/b1/5f0430173eab8d2351ca03aef813f885cebf7ff583f154ae14757df89640/typed_ast-1.4.3-cp36-cp36m-win_amd64.whl", hash = "sha256:bff6ad71c81b3bba8fa35f0f1921fb24ff4476235a6e94a26ada2e54370e6da7"},
    {url = "https://files.pythonhosted.org/packages/96/b0/0d26e87c8beefd839e466b4b3507c8ba826b2ee8d3d7ad049618f60d3b2e/typed_ast-1.4.3-cp39-cp39-manylinux1_i686.whl", hash = "sha256:2c726c276d09fc5c414693a2de063f521052d9ea7c240ce553316f70656c84d4"},
    {url = "https://files.pythonhosted.org/packages/9f/25/15113b2153fab6f3ad8c3a42169f25cb8ae9f7fee9d7201647d78eca3e91/typed_ast-1.4.3-cp37-cp37m-win_amd64.whl", hash = "sha256:9ad2c92ec681e02baf81fdfa056fe0d818645efa9af1f1cd5fd6f1bd2bdfd805"},
    {url = "https://files.pythonhosted.org/packages/b2/98/c818c3024a0d44558a53941671dea7d14c690e74aa02fe2b7976d16275d1/typed_ast-1.4.3-cp39-cp39-macosx_10_9_x86_64.whl", hash = "sha256:f328adcfebed9f11301eaedfa48e15bdece9b519fb27e6a8c01aa52a17ec31b3"},
    {url = "https://files.pythonhosted.org/packages/b4/5f/867b97f5e564c47d1755024d02ead9ea7569067aaf004f9042df1401482e/typed_ast-1.4.3-cp37-cp37m-manylinux1_i686.whl", hash = "sha256:760ad187b1041a154f0e4d0f6aae3e40fdb51d6de16e5c99aedadd9246450e9e"},
    {url = "https://files.pythonhosted.org/packages/b8/98/9f31fcc91c54b9ae80f5fa48352b6a22ed04b399037d87d0ecbca5b67d21/typed_ast-1.4.3-cp38-cp38-manylinux1_i686.whl", hash = "sha256:067a74454df670dcaa4e59349a2e5c81e567d8d65458d480a5b3dfecec08c5ff"},
    {url = "https://files.pythonhosted.org/packages/bd/b5/f962ea5df10b97034cda1fe03b10a9a8cf98c4d9578592ac9254003c67bf/typed_ast-1.4.3-cp35-cp35m-win32.whl", hash = "sha256:dde816ca9dac1d9c01dd504ea5967821606f02e510438120091b84e852367428"},
    {url = "https://files.pythonhosted.org/packages/c6/6f/ce968edc85a412ca4da62206a580ebf086842bf88affc4901c083b9f9411/typed_ast-1.4.3-cp37-cp37m-win32.whl", hash = "sha256:aee0c1256be6c07bd3e1263ff920c325b59849dc95392a05f258bb9b259cf39c"},
    {url = "https://files.pythonhosted.org/packages/d0/c7/7a26ab66c32558dac761ea88d79c4175d99231db9ebb9e09c0c354bba612/typed_ast-1.4.3-cp39-cp39-manylinux1_x86_64.whl", hash = "sha256:cae53c389825d3b46fb37538441f75d6aecc4174f615d048321b716df2757fb0"},
    {url = "https://files.pythonhosted.org/packages/d0/cb/d70a8dd2dba6e7a2195719e1df559b6a7ec18983a3caf0ee5357d6d7a241/typed_ast-1.4.3-cp37-cp37m-manylinux2014_aarch64.whl", hash = "sha256:95431a26309a21874005845c21118c83991c63ea800dd44843e42a916aec5899"},
    {url = "https://files.pythonhosted.org/packages/d2/d9/4dc1977ae798f6081ef33d7a7c9adf73cba5e1fe503ebd4f2d0399574995/typed_ast-1.4.3-cp35-cp35m-manylinux1_x86_64.whl", hash = "sha256:c907f561b1e83e93fad565bac5ba9c22d96a54e7ea0267c708bffe863cbe4075"},
    {url = "https://files.pythonhosted.org/packages/e3/67/f42a09ead3b174437d85157dcac92e22c204380968469de356eb64d8347e/typed_ast-1.4.3-cp38-cp38-macosx_10_9_x86_64.whl", hash = "sha256:b36b4f3920103a25e1d5d024d155c504080959582b928e91cb608a65c3a49e1a"},
    {url = "https://files.pythonhosted.org/packages/e5/d4/12cea19d4b5b7ef124016afd4671ed10418d918bc1ff83a964036261025c/typed_ast-1.4.3-cp39-cp39-win_amd64.whl", hash = "sha256:9c6d1a54552b5330bc657b7ef0eae25d00ba7ffe85d9ea8ae6540d2197a3788c"},
    {url = "https://files.pythonhosted.org/packages/e7/2e/c0310582bdf7aae906f866be273d1dbc90c5a8ff2e81e1b6c55af9831b1d/typed_ast-1.4.3-cp36-cp36m-manylinux1_i686.whl", hash = "sha256:52b1eb8c83f178ab787f3a4283f68258525f8d70f778a2f6dd54d3b5e5fb4341"},
    {url = "https://files.pythonhosted.org/packages/f0/c7/4d9083f76c62fa9569a4efe7f89283ae56fd157f10c1961aeb06e8ab8064/typed_ast-1.4.3-cp36-cp36m-manylinux2014_aarch64.whl", hash = "sha256:c190f0899e9f9f8b6b7863debfb739abcb21a5c054f911ca3596d12b8a4c4c7f"},
]
"typing-extensions 3.10.0.2" = [
    {url = "https://files.pythonhosted.org/packages/74/60/18783336cc7fcdd95dae91d73477830aa53f5d3181ae4fe20491d7fc3199/typing_extensions-3.10.0.2-py3-none-any.whl", hash = "sha256:f1d25edafde516b146ecd0613dabcc61409817af4766fbbcfb8d1ad4ec441a34"},
    {url = "https://files.pythonhosted.org/packages/cc/1e/0310dee9d86a41f003c519ce263f3b931c54852fcb15ec780137b2e53d4e/typing_extensions-3.10.0.2-py2-none-any.whl", hash = "sha256:d8226d10bc02a29bcc81df19a26e56a9647f8b0a6d4a83924139f4a8b01f17b7"},
    {url = "https://files.pythonhosted.org/packages/ed/12/c5079a15cf5c01d7f4252b473b00f7e68ee711be605b9f001528f0298b98/typing_extensions-3.10.0.2.tar.gz", hash = "sha256:49f75d16ff11f1cd258e1b988ccff82a3ca5570217d7ad8c5f48205dd99a677e"},
]
"win32-setctime 1.1.0" = [
    {url = "https://files.pythonhosted.org/packages/0a/e6/a7d828fef907843b2a5773ebff47fb79ac0c1c88d60c0ca9530ee941e248/win32_setctime-1.1.0-py3-none-any.whl", hash = "sha256:231db239e959c2fe7eb1d7dc129f11172354f98361c4fa2d6d2d7e278baa8aad"},
    {url = "https://files.pythonhosted.org/packages/6b/dd/f95a13d2b235a28d613ba23ebad55191514550debb968b46aab99f2e3a30/win32_setctime-1.1.0.tar.gz", hash = "sha256:15cf5750465118d6929ae4de4eb46e8edae9a5634350c01ba582df868e932cb2"},
]
"zipp 1.2.0" = [
    {url = "https://files.pythonhosted.org/packages/78/08/d52f0ea643bc1068d6dc98b412f4966a9b63255d20911a23ac3220c033c4/zipp-1.2.0.tar.gz", hash = "sha256:c70410551488251b0fee67b460fb9a536af8d6f9f008ad10ac51f615b6a521b1"},
    {url = "https://files.pythonhosted.org/packages/96/0a/67556e9b7782df7118c1f49bdc494da5e5e429c93aa77965f33e81287c8c/zipp-1.2.0-py2.py3-none-any.whl", hash = "sha256:e0d9e63797e483a30d27e09fffd308c59a700d365ec34e93cc100844168bf921"},
]
